<?xml version="1.0" encoding="utf-8"?>
<Project ToolsVersion="4.0" xmlns="http://schemas.microsoft.com/developer/msbuild/2003">
  <ItemGroup>
    <Filter Include="Source Files">
      <UniqueIdentifier>{4FC737F1-C7A5-4376-A066-2A32D752A2FF}</UniqueIdentifier>
      <Extensions>cpp;c;cc;cxx;c++;cppm;ixx;def;odl;idl;hpj;bat;asm;asmx</Extensions>
    </Filter>
    <Filter Include="Header Files">
      <UniqueIdentifier>{93995380-89BD-4b04-88EB-625FBE52EBFB}</UniqueIdentifier>
      <Extensions>h;hh;hpp;hxx;h++;hm;inl;inc;ipp;xsd</Extensions>
    </Filter>
    <Filter Include="Resource Files">
      <UniqueIdentifier>{67DA6AB6-F800-4c08-8B7A-83BB121AAD01}</UniqueIdentifier>
      <Extensions>rc;ico;cur;bmp;dlg;rc2;rct;bin;rgs;gif;jpg;jpeg;jpe;resx;tiff;tif;png;wav;mfcribbon-ms</Extensions>
    </Filter>
    <Filter Include="Source Files\project/">
      <UniqueIdentifier>{a1d8f09a-192f-457b-95a8-d457d6c02c27}</UniqueIdentifier>
    </Filter>
    <Filter Include="Source Files\scr/">
      <UniqueIdentifier>{f86237b3-1874-45f7-beb5-6bc1b6d023d6}</UniqueIdentifier>
    </Filter>
    <Filter Include="Source Files\scr/\core/">
      <UniqueIdentifier>{70cc8a7b-4f6a-430b-80c9-3cbbf8dee1d8}</UniqueIdentifier>
    </Filter>
    <Filter Include="Header Files\scr/">
      <UniqueIdentifier>{646c368f-9415-47cd-b245-840d1be4ff2c}</UniqueIdentifier>
    </Filter>
    <Filter Include="Header Files\scr/\core/">
      <UniqueIdentifier>{5fb93e28-81dc-4697-853d-cbb6c6c31d4f}</UniqueIdentifier>
    </Filter>
    <Filter Include="Header Files\scr/\helpers/">
      <UniqueIdentifier>{c90cd874-621a-4f6f-9dda-aa699f54f584}</UniqueIdentifier>
    </Filter>
    <Filter Include="Source Files\scr/\helpers/">
      <UniqueIdentifier>{3f3ef143-1954-4a58-8144-8ee1b54c79aa}</UniqueIdentifier>
    </Filter>
    <Filter Include="Header Files\scr/\file-handler/">
      <UniqueIdentifier>{d2e8eed8-d56f-4b5c-ae47-bb86541b4c81}</UniqueIdentifier>
    </Filter>
    <Filter Include="Source Files\scr/\file-handler/">
      <UniqueIdentifier>{8198b57f-08b3-4e42-b06c-f2d371c1cc7c}</UniqueIdentifier>
    </Filter>
    <Filter Include="Header Files\scr/\clients/">
      <UniqueIdentifier>{d3d67afe-cf7a-4f9e-b668-248c56251601}</UniqueIdentifier>
    </Filter>
    <Filter Include="Source Files\scr/\clients/">
      <UniqueIdentifier>{825150f6-0b78-4b3c-a9f5-3af549134478}</UniqueIdentifier>
    </Filter>
  </ItemGroup>
  <ItemGroup>
    <None Include="..\.gitignore">
      <Filter>Source Files\project/</Filter>
    </None>
    <None Include="..\reamdme.md">
      <Filter>Source Files\project/</Filter>
    </None>
  </ItemGroup>
  <ItemGroup>
    <ClCompile Include="main.cpp">
      <Filter>Source Files\scr/</Filter>
    </ClCompile>
    <ClCompile Include="scr\source-files\core\core.cpp">
      <Filter>Source Files\scr/\core/</Filter>
    </ClCompile>
    <ClCompile Include="scr\source-files\helpers\helpers.cpp">
      <Filter>Source Files\scr/\helpers/</Filter>
    </ClCompile>
    <ClCompile Include="scr\source-files\file-handler\data-conversion.cpp">
      <Filter>Source Files\scr/\file-handler/</Filter>
    </ClCompile>
    <ClCompile Include="scr\source-files\file-handler\file-operation.cpp">
      <Filter>Source Files\scr/\file-handler/</Filter>
    </ClCompile>
    <ClCompile Include="scr\source-files\clients\client-managemant.cpp">
      <Filter>Source Files\scr/\clients/</Filter>
    </ClCompile>
  </ItemGroup>
  <ItemGroup>
    <ClInclude Include="scr\header-files\core\core.h">
      <Filter>Header Files\scr/\core/</Filter>
    </ClInclude>
    <ClInclude Include="scr\header-files\helpers\helpers.h">
      <Filter>Header Files\scr/\helpers/</Filter>
    </ClInclude>
    <ClInclude Include="scr\header-files\file-handler\file-handler.h">
      <Filter>Header Files\scr/\file-handler/</Filter>
    </ClInclude>
    <ClInclude Include="scr\header-files\clients\clients.h">
      <Filter>Header Files\scr/\clients/</Filter>
    </ClInclude>
  </ItemGroup>
</Project>